items:
- uid: System.Threading.SpinLock
  commentId: T:System.Threading.SpinLock
  id: SpinLock
  parent: System.Threading
  children:
  - System.Threading.SpinLock.#ctor(System.Boolean)
  - System.Threading.SpinLock.Enter(System.Boolean@)
  - System.Threading.SpinLock.Exit
  - System.Threading.SpinLock.Exit(System.Boolean)
  - System.Threading.SpinLock.IsHeld
  - System.Threading.SpinLock.IsHeldByCurrentThread
  - System.Threading.SpinLock.IsThreadOwnerTrackingEnabled
  - System.Threading.SpinLock.TryEnter(System.Boolean@)
  - System.Threading.SpinLock.TryEnter(System.Int32,System.Boolean@)
  - System.Threading.SpinLock.TryEnter(System.TimeSpan,System.Boolean@)
  langs:
  - csharp
  - vb
  name: SpinLock
  nameWithType: SpinLock
  fullName: System.Threading.SpinLock
  type: Struct
  source:
    remote:
      path: src/System.Threading/ref/System.Threading.cs
      branch: master
      repo: https://github.com/dotnet/corefx.git
    id: SpinLock
    path: src/System.Threading/ref/System.Threading.cs
    startLine: 284
  assemblies:
  - System.Threading
  namespace: System.Threading
  syntax:
    content: public struct SpinLock
    content.vb: Public Structure SpinLock
  modifiers.csharp:
  - public
  - struct
  modifiers.vb:
  - Public
  - Structure
- uid: System.Threading.SpinLock.#ctor(System.Boolean)
  commentId: M:System.Threading.SpinLock.#ctor(System.Boolean)
  id: '#ctor(System.Boolean)'
  parent: System.Threading.SpinLock
  langs:
  - csharp
  - vb
  name: SpinLock(Boolean)
  nameWithType: SpinLock.SpinLock(Boolean)
  fullName: System.Threading.SpinLock.SpinLock(System.Boolean)
  type: Constructor
  source:
    remote:
      path: src/System.Threading/ref/System.Threading.cs
      branch: master
      repo: https://github.com/dotnet/corefx.git
    id: .ctor
    path: src/System.Threading/ref/System.Threading.cs
    startLine: 287
  assemblies:
  - System.Threading
  namespace: System.Threading
  syntax:
    content: public SpinLock(bool enableThreadOwnerTracking)
    content.vb: Public Sub New(enableThreadOwnerTracking As Boolean)
    parameters:
    - id: enableThreadOwnerTracking
      type: System.Boolean
  modifiers.csharp:
  - public
  modifiers.vb:
  - Public
- uid: System.Threading.SpinLock.IsHeld
  commentId: P:System.Threading.SpinLock.IsHeld
  id: IsHeld
  parent: System.Threading.SpinLock
  langs:
  - csharp
  - vb
  name: IsHeld
  nameWithType: SpinLock.IsHeld
  fullName: System.Threading.SpinLock.IsHeld
  type: Property
  source:
    remote:
      path: src/System.Threading/ref/System.Threading.cs
      branch: master
      repo: https://github.com/dotnet/corefx.git
    id: IsHeld
    path: src/System.Threading/ref/System.Threading.cs
    startLine: 288
  assemblies:
  - System.Threading
  namespace: System.Threading
  syntax:
    content: public bool IsHeld { get; }
    content.vb: Public ReadOnly Property IsHeld As Boolean
    parameters: []
    return:
      type: System.Boolean
  modifiers.csharp:
  - public
  - get
  modifiers.vb:
  - Public
  - ReadOnly
- uid: System.Threading.SpinLock.IsHeldByCurrentThread
  commentId: P:System.Threading.SpinLock.IsHeldByCurrentThread
  id: IsHeldByCurrentThread
  parent: System.Threading.SpinLock
  langs:
  - csharp
  - vb
  name: IsHeldByCurrentThread
  nameWithType: SpinLock.IsHeldByCurrentThread
  fullName: System.Threading.SpinLock.IsHeldByCurrentThread
  type: Property
  source:
    remote:
      path: src/System.Threading/ref/System.Threading.cs
      branch: master
      repo: https://github.com/dotnet/corefx.git
    id: IsHeldByCurrentThread
    path: src/System.Threading/ref/System.Threading.cs
    startLine: 289
  assemblies:
  - System.Threading
  namespace: System.Threading
  syntax:
    content: public bool IsHeldByCurrentThread { get; }
    content.vb: Public ReadOnly Property IsHeldByCurrentThread As Boolean
    parameters: []
    return:
      type: System.Boolean
  modifiers.csharp:
  - public
  - get
  modifiers.vb:
  - Public
  - ReadOnly
- uid: System.Threading.SpinLock.IsThreadOwnerTrackingEnabled
  commentId: P:System.Threading.SpinLock.IsThreadOwnerTrackingEnabled
  id: IsThreadOwnerTrackingEnabled
  parent: System.Threading.SpinLock
  langs:
  - csharp
  - vb
  name: IsThreadOwnerTrackingEnabled
  nameWithType: SpinLock.IsThreadOwnerTrackingEnabled
  fullName: System.Threading.SpinLock.IsThreadOwnerTrackingEnabled
  type: Property
  source:
    remote:
      path: src/System.Threading/ref/System.Threading.cs
      branch: master
      repo: https://github.com/dotnet/corefx.git
    id: IsThreadOwnerTrackingEnabled
    path: src/System.Threading/ref/System.Threading.cs
    startLine: 290
  assemblies:
  - System.Threading
  namespace: System.Threading
  syntax:
    content: public bool IsThreadOwnerTrackingEnabled { get; }
    content.vb: Public ReadOnly Property IsThreadOwnerTrackingEnabled As Boolean
    parameters: []
    return:
      type: System.Boolean
  modifiers.csharp:
  - public
  - get
  modifiers.vb:
  - Public
  - ReadOnly
- uid: System.Threading.SpinLock.Enter(System.Boolean@)
  commentId: M:System.Threading.SpinLock.Enter(System.Boolean@)
  id: Enter(System.Boolean@)
  parent: System.Threading.SpinLock
  langs:
  - csharp
  - vb
  name: Enter(ref Boolean)
  nameWithType: SpinLock.Enter(ref Boolean)
  fullName: System.Threading.SpinLock.Enter(ref System.Boolean)
  type: Method
  source:
    remote:
      path: src/System.Threading/ref/System.Threading.cs
      branch: master
      repo: https://github.com/dotnet/corefx.git
    id: Enter
    path: src/System.Threading/ref/System.Threading.cs
    startLine: 291
  assemblies:
  - System.Threading
  namespace: System.Threading
  syntax:
    content: public void Enter(ref bool lockTaken)
    content.vb: Public Sub Enter(ByRef lockTaken As Boolean)
    parameters:
    - id: lockTaken
      type: System.Boolean
  nameWithType.vb: SpinLock.Enter(ByRef Boolean)
  modifiers.csharp:
  - public
  modifiers.vb:
  - Public
  fullName.vb: System.Threading.SpinLock.Enter(ByRef System.Boolean)
  name.vb: Enter(ByRef Boolean)
- uid: System.Threading.SpinLock.Exit
  commentId: M:System.Threading.SpinLock.Exit
  id: Exit
  parent: System.Threading.SpinLock
  langs:
  - csharp
  - vb
  name: Exit()
  nameWithType: SpinLock.Exit()
  fullName: System.Threading.SpinLock.Exit()
  type: Method
  source:
    remote:
      path: src/System.Threading/ref/System.Threading.cs
      branch: master
      repo: https://github.com/dotnet/corefx.git
    id: Exit
    path: src/System.Threading/ref/System.Threading.cs
    startLine: 292
  assemblies:
  - System.Threading
  namespace: System.Threading
  syntax:
    content: public void Exit()
    content.vb: Public Sub Exit
  modifiers.csharp:
  - public
  modifiers.vb:
  - Public
- uid: System.Threading.SpinLock.Exit(System.Boolean)
  commentId: M:System.Threading.SpinLock.Exit(System.Boolean)
  id: Exit(System.Boolean)
  parent: System.Threading.SpinLock
  langs:
  - csharp
  - vb
  name: Exit(Boolean)
  nameWithType: SpinLock.Exit(Boolean)
  fullName: System.Threading.SpinLock.Exit(System.Boolean)
  type: Method
  source:
    remote:
      path: src/System.Threading/ref/System.Threading.cs
      branch: master
      repo: https://github.com/dotnet/corefx.git
    id: Exit
    path: src/System.Threading/ref/System.Threading.cs
    startLine: 293
  assemblies:
  - System.Threading
  namespace: System.Threading
  syntax:
    content: public void Exit(bool useMemoryBarrier)
    content.vb: Public Sub Exit(useMemoryBarrier As Boolean)
    parameters:
    - id: useMemoryBarrier
      type: System.Boolean
  modifiers.csharp:
  - public
  modifiers.vb:
  - Public
- uid: System.Threading.SpinLock.TryEnter(System.Boolean@)
  commentId: M:System.Threading.SpinLock.TryEnter(System.Boolean@)
  id: TryEnter(System.Boolean@)
  parent: System.Threading.SpinLock
  langs:
  - csharp
  - vb
  name: TryEnter(ref Boolean)
  nameWithType: SpinLock.TryEnter(ref Boolean)
  fullName: System.Threading.SpinLock.TryEnter(ref System.Boolean)
  type: Method
  source:
    remote:
      path: src/System.Threading/ref/System.Threading.cs
      branch: master
      repo: https://github.com/dotnet/corefx.git
    id: TryEnter
    path: src/System.Threading/ref/System.Threading.cs
    startLine: 294
  assemblies:
  - System.Threading
  namespace: System.Threading
  syntax:
    content: public void TryEnter(ref bool lockTaken)
    content.vb: Public Sub TryEnter(ByRef lockTaken As Boolean)
    parameters:
    - id: lockTaken
      type: System.Boolean
  nameWithType.vb: SpinLock.TryEnter(ByRef Boolean)
  modifiers.csharp:
  - public
  modifiers.vb:
  - Public
  fullName.vb: System.Threading.SpinLock.TryEnter(ByRef System.Boolean)
  name.vb: TryEnter(ByRef Boolean)
- uid: System.Threading.SpinLock.TryEnter(System.Int32,System.Boolean@)
  commentId: M:System.Threading.SpinLock.TryEnter(System.Int32,System.Boolean@)
  id: TryEnter(System.Int32,System.Boolean@)
  parent: System.Threading.SpinLock
  langs:
  - csharp
  - vb
  name: TryEnter(Int32, ref Boolean)
  nameWithType: SpinLock.TryEnter(Int32, ref Boolean)
  fullName: System.Threading.SpinLock.TryEnter(System.Int32, ref System.Boolean)
  type: Method
  source:
    remote:
      path: src/System.Threading/ref/System.Threading.cs
      branch: master
      repo: https://github.com/dotnet/corefx.git
    id: TryEnter
    path: src/System.Threading/ref/System.Threading.cs
    startLine: 295
  assemblies:
  - System.Threading
  namespace: System.Threading
  syntax:
    content: public void TryEnter(int millisecondsTimeout, ref bool lockTaken)
    content.vb: Public Sub TryEnter(millisecondsTimeout As Integer, ByRef lockTaken As Boolean)
    parameters:
    - id: millisecondsTimeout
      type: System.Int32
    - id: lockTaken
      type: System.Boolean
  nameWithType.vb: SpinLock.TryEnter(Int32, ByRef Boolean)
  modifiers.csharp:
  - public
  modifiers.vb:
  - Public
  fullName.vb: System.Threading.SpinLock.TryEnter(System.Int32, ByRef System.Boolean)
  name.vb: TryEnter(Int32, ByRef Boolean)
- uid: System.Threading.SpinLock.TryEnter(System.TimeSpan,System.Boolean@)
  commentId: M:System.Threading.SpinLock.TryEnter(System.TimeSpan,System.Boolean@)
  id: TryEnter(System.TimeSpan,System.Boolean@)
  parent: System.Threading.SpinLock
  langs:
  - csharp
  - vb
  name: TryEnter(TimeSpan, ref Boolean)
  nameWithType: SpinLock.TryEnter(TimeSpan, ref Boolean)
  fullName: System.Threading.SpinLock.TryEnter(System.TimeSpan, ref System.Boolean)
  type: Method
  source:
    remote:
      path: src/System.Threading/ref/System.Threading.cs
      branch: master
      repo: https://github.com/dotnet/corefx.git
    id: TryEnter
    path: src/System.Threading/ref/System.Threading.cs
    startLine: 296
  assemblies:
  - System.Threading
  namespace: System.Threading
  syntax:
    content: public void TryEnter(TimeSpan timeout, ref bool lockTaken)
    content.vb: Public Sub TryEnter(timeout As TimeSpan, ByRef lockTaken As Boolean)
    parameters:
    - id: timeout
      type: System.TimeSpan
    - id: lockTaken
      type: System.Boolean
  nameWithType.vb: SpinLock.TryEnter(TimeSpan, ByRef Boolean)
  modifiers.csharp:
  - public
  modifiers.vb:
  - Public
  fullName.vb: System.Threading.SpinLock.TryEnter(System.TimeSpan, ByRef System.Boolean)
  name.vb: TryEnter(TimeSpan, ByRef Boolean)
references:
- uid: System.Threading
  commentId: N:System.Threading
  isExternal: false
  name: System.Threading
  nameWithType: System.Threading
  fullName: System.Threading
- uid: System.Boolean
  commentId: T:System.Boolean
  parent: System
  isExternal: false
  name: Boolean
  nameWithType: Boolean
  fullName: System.Boolean
- uid: System
  commentId: N:System
  isExternal: false
  name: System
  nameWithType: System
  fullName: System
- uid: System.Int32
  commentId: T:System.Int32
  parent: System
  isExternal: false
  name: Int32
  nameWithType: Int32
  fullName: System.Int32
- uid: System.TimeSpan
  commentId: T:System.TimeSpan
  parent: System
  isExternal: false
  name: TimeSpan
  nameWithType: TimeSpan
  fullName: System.TimeSpan
